
Microsoft Visual Studio Solution File, Format Version 12.00
# Visual Studio Version 17
VisualStudioVersion = 17.3.32929.385
MinimumVisualStudioVersion = 10.0.40219.1
Project("{9A19103F-16F7-4668-BE54-9A1E7A4F7556}") = "HW13WPF", "HW13WPF\HW13WPF.csproj", "{BA3A35C6-DC18-4457-B57A-4B4BA745E669}"
EndProject
Global
	GlobalSection(SolutionConfigurationPlatforms) = preSolution
		Debug|Any CPU = Debug|Any CPU
		Release|Any CPU = Release|Any CPU
	EndGlobalSection
	GlobalSection(ProjectConfigurationPlatforms) = postSolution
		{BA3A35C6-DC18-4457-B57A-4B4BA745E669}.Debug|Any CPU.ActiveCfg = Debug|Any CPU
		{BA3A35C6-DC18-4457-B57A-4B4BA745E669}.Debug|Any CPU.Build.0 = Debug|Any CPU
		{BA3A35C6-DC18-4457-B57A-4B4BA745E669}.Release|Any CPU.ActiveCfg = Release|Any CPU
		{BA3A35C6-DC18-4457-B57A-4B4BA745E669}.Release|Any CPU.Build.0 = Release|Any CPU
	EndGlobalSection
	GlobalSection(SolutionProperties) = preSolution
		HideSolutionNode = FALSE
	EndGlobalSection
	GlobalSection(ExtensibilityGlobals) = postSolution
		SolutionGuid = {CF2EB66E-E022-4C66-8BCE-AD6C17A59624}
	EndGlobalSection
EndGlobal
