
Microsoft Visual Studio Solution File, Format Version 12.00
# Visual Studio Version 16
VisualStudioVersion = 16.0.31205.134
MinimumVisualStudioVersion = 10.0.40219.1
Project("{FAE04EC0-301F-11D3-BF4B-00C04F79EFBC}") = "HW13", "HW13\HW13.csproj", "{8A72356F-C8AB-4E15-9180-92DBEA59D7B4}"
EndProject
Project("{FAE04EC0-301F-11D3-BF4B-00C04F79EFBC}") = "BL", "BL\BL.csproj", "{0012AE3D-0381-429E-BDB3-EA57A5DB2EB8}"
EndProject
Global
	GlobalSection(SolutionConfigurationPlatforms) = preSolution
		Debug|Any CPU = Debug|Any CPU
		Release|Any CPU = Release|Any CPU
	EndGlobalSection
	GlobalSection(ProjectConfigurationPlatforms) = postSolution
		{8A72356F-C8AB-4E15-9180-92DBEA59D7B4}.Debug|Any CPU.ActiveCfg = Debug|Any CPU
		{8A72356F-C8AB-4E15-9180-92DBEA59D7B4}.Debug|Any CPU.Build.0 = Debug|Any CPU
		{8A72356F-C8AB-4E15-9180-92DBEA59D7B4}.Release|Any CPU.ActiveCfg = Release|Any CPU
		{8A72356F-C8AB-4E15-9180-92DBEA59D7B4}.Release|Any CPU.Build.0 = Release|Any CPU
		{0012AE3D-0381-429E-BDB3-EA57A5DB2EB8}.Debug|Any CPU.ActiveCfg = Debug|Any CPU
		{0012AE3D-0381-429E-BDB3-EA57A5DB2EB8}.Debug|Any CPU.Build.0 = Debug|Any CPU
		{0012AE3D-0381-429E-BDB3-EA57A5DB2EB8}.Release|Any CPU.ActiveCfg = Release|Any CPU
		{0012AE3D-0381-429E-BDB3-EA57A5DB2EB8}.Release|Any CPU.Build.0 = Release|Any CPU
	EndGlobalSection
	GlobalSection(SolutionProperties) = preSolution
		HideSolutionNode = FALSE
	EndGlobalSection
	GlobalSection(ExtensibilityGlobals) = postSolution
		SolutionGuid = {4405C3C7-679A-4C29-AE67-BEBDE2638FFF}
	EndGlobalSection
EndGlobal
